{
  "name": "js",
  "lockfileVersion": 2,
  "requires": true,
  "packages": {
    "": {
      "dependencies": {
        "tinymce": "^5.10.5"
      }
    },
    "node_modules/tinymce": {
      "version": "5.10.5",
      "resolved": "https://registry.npmjs.org/tinymce/-/tinymce-5.10.5.tgz",
      "integrity": "sha512-nFKtLhmoRtExBxUfv06JlkbQWux5D+d115vxSRAqUmccZdrtpFvOIYwZmikvulLdM9pfEpvO0B+RQ2qFV/+R7w=="
    }
  },
  "dependencies": {
    "tinymce": {
      "version": "5.10.5",
      "resolved": "https://registry.npmjs.org/tinymce/-/tinymce-5.10.5.tgz",
      "integrity": "sha512-nFKtLhmoRtExBxUfv06JlkbQWux5D+d115vxSRAqUmccZdrtpFvOIYwZmikvulLdM9pfEpvO0B+RQ2qFV/+R7w=="
    }
  }
}
